// !$*UTF8*$!
{
	archiveVersion = 1;
	classes = {
	};
	objectVersion = 56;
	objects = {

/* Begin PBXBuildFile section */
		001 /* SimpleRecorderApp.swift in Sources */ = {isa = PBXBuildFile; fileRef = 101; };
		002 /* AudioRecorderManagerCore.swift in Sources */ = {isa = PBXBuildFile; fileRef = 102; };
		003 /* HotKeyManager.swift in Sources */ = {isa = PBXBuildFile; fileRef = 103; };
		004 /* LogManager.swift in Sources */ = {isa = PBXBuildFile; fileRef = 104; };
		005 /* AppSettingsCore.swift in Sources */ = {isa = PBXBuildFile; fileRef = 105; };
		011 /* Assets.xcassets in Resources */ = {isa = PBXBuildFile; fileRef = 111; };
		012 /* MainWindowSettingsView.swift in Sources */ = {isa = PBXBuildFile; fileRef = 114; };
		013 /* TimerTask.swift in Sources */ = {isa = PBXBuildFile; fileRef = 130; };
		014 /* TimerTaskManagerCore.swift in Sources */ = {isa = PBXBuildFile; fileRef = 131; };
		015 /* ReminderWindowController.swift in Sources */ = {isa = PBXBuildFile; fileRef = 132; };
		016 /* TimerTaskViews.swift in Sources */ = {isa = PBXBuildFile; fileRef = 133; };
		017 /* NativeMP3Encoder.swift in Sources */ = {isa = PBXBuildFile; fileRef = 124; };
		018 /* PrivacyInfo.xcprivacy in Resources */ = {isa = PBXBuildFile; fileRef = 125; };
		020 /* AudioRecorderManagerEngine.swift in Sources */ = {isa = PBXBuildFile; fileRef = 140; };
		021 /* AudioRecorderManagerSystemAudio.swift in Sources */ = {isa = PBXBuildFile; fileRef = 141; };
		022 /* AudioRecorderManagerWriter.swift in Sources */ = {isa = PBXBuildFile; fileRef = 142; };
		023 /* AudioRecorderManagerDevice.swift in Sources */ = {isa = PBXBuildFile; fileRef = 143; };
		024 /* AudioRecorderManagerUI.swift in Sources */ = {isa = PBXBuildFile; fileRef = 144; };
		025 /* QAAutomationRunner.swift in Sources */ = {isa = PBXBuildFile; fileRef = 145; };
		026 /* MP3Encoder.swift in Sources */ = {isa = PBXBuildFile; fileRef = 146; };
		027 /* libmp3lame.a in Frameworks */ = {isa = PBXBuildFile; fileRef = 147; };
		028 /* UpdateManager.swift in Sources */ = {isa = PBXBuildFile; fileRef = 126; };
		030 /* PermissionFlow in Frameworks */ = {isa = PBXBuildFile; productRef = 060 /* PermissionFlow */; };
		033 /* Sparkle in Frameworks */ = {isa = PBXBuildFile; productRef = 061 /* Sparkle */; };
		031 /* TimerTask.swift in Sources */ = {isa = PBXBuildFile; fileRef = 130; };
		032 /* TimerTaskTests.swift in Sources */ = {isa = PBXBuildFile; fileRef = 150; };
		034 /* RecordingFinalizationPolicy.swift in Sources */ = {isa = PBXBuildFile; fileRef = 152; };
		035 /* RecordingFinalizationPolicy.swift in Sources */ = {isa = PBXBuildFile; fileRef = 152; };
		036 /* RecordingCorePolicyTests.swift in Sources */ = {isa = PBXBuildFile; fileRef = 153; };
/* End PBXBuildFile section */

/* Begin PBXFileReference section */
		100 /* SimpleRecorder.app */ = {isa = PBXFileReference; explicitFileType = wrapper.application; includeInIndex = 0; path = SimpleRecorder.app; sourceTree = BUILT_PRODUCTS_DIR; };
		101 /* SimpleRecorderApp.swift */ = {isa = PBXFileReference; lastKnownFileType = sourcecode.swift; path = SimpleRecorderApp.swift; sourceTree = "<group>"; };
		102 /* AudioRecorderManagerCore.swift */ = {isa = PBXFileReference; lastKnownFileType = sourcecode.swift; path = AudioRecorderManagerCore.swift; sourceTree = "<group>"; };
		103 /* HotKeyManager.swift */ = {isa = PBXFileReference; lastKnownFileType = sourcecode.swift; path = HotKeyManager.swift; sourceTree = "<group>"; };
		104 /* LogManager.swift */ = {isa = PBXFileReference; lastKnownFileType = sourcecode.swift; path = LogManager.swift; sourceTree = "<group>"; };
		105 /* AppSettingsCore.swift */ = {isa = PBXFileReference; lastKnownFileType = sourcecode.swift; path = AppSettingsCore.swift; sourceTree = "<group>"; };
		111 /* Assets.xcassets */ = {isa = PBXFileReference; lastKnownFileType = folder.assetcatalog; path = Assets.xcassets; sourceTree = "<group>"; };
		112 /* Info.plist */ = {isa = PBXFileReference; lastKnownFileType = text.plist.xml; path = Info.plist; sourceTree = "<group>"; };
		113 /* SimpleRecorder.entitlements */ = {isa = PBXFileReference; lastKnownFileType = text.plist.entitlements; path = SimpleRecorder.entitlements; sourceTree = "<group>"; };
		114 /* MainWindowSettingsView.swift */ = {isa = PBXFileReference; lastKnownFileType = sourcecode.swift; path = MainWindowSettingsView.swift; sourceTree = "<group>"; };
		124 /* NativeMP3Encoder.swift */ = {isa = PBXFileReference; lastKnownFileType = sourcecode.swift; path = NativeMP3Encoder.swift; sourceTree = "<group>"; };
		125 /* PrivacyInfo.xcprivacy */ = {isa = PBXFileReference; lastKnownFileType = text.plist.xml; path = PrivacyInfo.xcprivacy; sourceTree = "<group>"; };
		126 /* UpdateManager.swift */ = {isa = PBXFileReference; lastKnownFileType = sourcecode.swift; path = UpdateManager.swift; sourceTree = "<group>"; };
		130 /* TimerTask.swift */ = {isa = PBXFileReference; lastKnownFileType = sourcecode.swift; path = TimerTask.swift; sourceTree = "<group>"; };
		131 /* TimerTaskManagerCore.swift */ = {isa = PBXFileReference; lastKnownFileType = sourcecode.swift; path = TimerTaskManagerCore.swift; sourceTree = "<group>"; };
		132 /* ReminderWindowController.swift */ = {isa = PBXFileReference; lastKnownFileType = sourcecode.swift; path = ReminderWindowController.swift; sourceTree = "<group>"; };
		133 /* TimerTaskViews.swift */ = {isa = PBXFileReference; lastKnownFileType = sourcecode.swift; path = TimerTaskViews.swift; sourceTree = "<group>"; };
		140 /* AudioRecorderManagerEngine.swift */ = {isa = PBXFileReference; lastKnownFileType = sourcecode.swift; path = AudioRecorderManagerEngine.swift; sourceTree = "<group>"; };
		141 /* AudioRecorderManagerSystemAudio.swift */ = {isa = PBXFileReference; lastKnownFileType = sourcecode.swift; path = AudioRecorderManagerSystemAudio.swift; sourceTree = "<group>"; };
		142 /* AudioRecorderManagerWriter.swift */ = {isa = PBXFileReference; lastKnownFileType = sourcecode.swift; path = AudioRecorderManagerWriter.swift; sourceTree = "<group>"; };
		143 /* AudioRecorderManagerDevice.swift */ = {isa = PBXFileReference; lastKnownFileType = sourcecode.swift; path = AudioRecorderManagerDevice.swift; sourceTree = "<group>"; };
		144 /* AudioRecorderManagerUI.swift */ = {isa = PBXFileReference; lastKnownFileType = sourcecode.swift; path = AudioRecorderManagerUI.swift; sourceTree = "<group>"; };
		145 /* QAAutomationRunner.swift */ = {isa = PBXFileReference; lastKnownFileType = sourcecode.swift; path = QAAutomationRunner.swift; sourceTree = "<group>"; };
		146 /* MP3Encoder.swift */ = {isa = PBXFileReference; lastKnownFileType = sourcecode.swift; path = MP3Encoder.swift; sourceTree = "<group>"; };
		147 /* libmp3lame.a */ = {isa = PBXFileReference; lastKnownFileType = archive.ar; path = libmp3lame.a; sourceTree = "<group>"; };
		148 /* lame.h */ = {isa = PBXFileReference; lastKnownFileType = sourcecode.c.h; path = lame.h; sourceTree = "<group>"; };
		149 /* module.modulemap */ = {isa = PBXFileReference; lastKnownFileType = "sourcecode.module-map"; path = module.modulemap; sourceTree = "<group>"; };
		150 /* TimerTaskTests.swift */ = {isa = PBXFileReference; lastKnownFileType = sourcecode.swift; path = TimerTaskTests.swift; sourceTree = "<group>"; };
		151 /* SimpleRecorderTests.xctest */ = {isa = PBXFileReference; explicitFileType = wrapper.cfbundle; includeInIndex = 0; path = SimpleRecorderTests.xctest; sourceTree = BUILT_PRODUCTS_DIR; };
		152 /* RecordingFinalizationPolicy.swift */ = {isa = PBXFileReference; lastKnownFileType = sourcecode.swift; path = RecordingFinalizationPolicy.swift; sourceTree = "<group>"; };
		153 /* RecordingCorePolicyTests.swift */ = {isa = PBXFileReference; lastKnownFileType = sourcecode.swift; path = RecordingCorePolicyTests.swift; sourceTree = "<group>"; };
/* End PBXFileReference section */

/* Begin PBXFrameworksBuildPhase section */
		200 /* Frameworks */ = {
			isa = PBXFrameworksBuildPhase;
			buildActionMask = 2147483647;
			files = (
				033 /* Sparkle in Frameworks */,
				030 /* PermissionFlow in Frameworks */,
				027 /* libmp3lame.a in Frameworks */,
			);
			runOnlyForDeploymentPostprocessing = 0;
		};
		201 /* Frameworks */ = {
			isa = PBXFrameworksBuildPhase;
			buildActionMask = 2147483647;
			files = (
			);
			runOnlyForDeploymentPostprocessing = 0;
		};
/* End PBXFrameworksBuildPhase section */

/* Begin PBXGroup section */
		300 = {
			isa = PBXGroup;
			children = (
				301 /* SimpleRecorder */,
				310 /* SimpleRecorderTests */,
				302 /* Products */,
			);
			sourceTree = "<group>";
		};
		301 /* SimpleRecorder */ = {
			isa = PBXGroup;
			children = (
				101 /* SimpleRecorderApp.swift */,
				112 /* Info.plist */,
				113 /* SimpleRecorder.entitlements */,
				125 /* PrivacyInfo.xcprivacy */,
				124 /* NativeMP3Encoder.swift */,
				146 /* MP3Encoder.swift */,
				303 /* Managers */,
				304 /* Models */,
				305 /* Views */,
				306 /* Services */,
				307 /* Resources */,
				308 /* ThirdParty */,
			);
			path = SimpleRecorder;
			sourceTree = "<group>";
		};
		302 /* Products */ = {
			isa = PBXGroup;
			children = (
				100 /* SimpleRecorder.app */,
				151 /* SimpleRecorderTests.xctest */,
			);
			name = Products;
			sourceTree = "<group>";
		};
		303 /* Managers */ = {
			isa = PBXGroup;
			children = (
				102 /* AudioRecorderManagerCore.swift */,
				152 /* RecordingFinalizationPolicy.swift */,
				140 /* AudioRecorderManagerEngine.swift */,
				141 /* AudioRecorderManagerSystemAudio.swift */,
				142 /* AudioRecorderManagerWriter.swift */,
				143 /* AudioRecorderManagerDevice.swift */,
				144 /* AudioRecorderManagerUI.swift */,
				103 /* HotKeyManager.swift */,
				104 /* LogManager.swift */,
				131 /* TimerTaskManagerCore.swift */,
				126 /* UpdateManager.swift */,
			);
			path = Managers;
			sourceTree = "<group>";
		};
		304 /* Models */ = {
			isa = PBXGroup;
			children = (
				105 /* AppSettingsCore.swift */,
				130 /* TimerTask.swift */,
			);
			path = Models;
			sourceTree = "<group>";
		};
		305 /* Views */ = {
			isa = PBXGroup;
			children = (
				114 /* MainWindowSettingsView.swift */,
				132 /* ReminderWindowController.swift */,
				133 /* TimerTaskViews.swift */,
			);
			path = Views;
			sourceTree = "<group>";
		};
		306 /* Services */ = {
			isa = PBXGroup;
			children = (
				145 /* QAAutomationRunner.swift */,
			);
			path = Services;
			sourceTree = "<group>";
		};
		307 /* Resources */ = {
			isa = PBXGroup;
			children = (
				111 /* Assets.xcassets */,
			);
			path = Resources;
			sourceTree = "<group>";
		};
		308 /* ThirdParty */ = {
			isa = PBXGroup;
			children = (
				309 /* lame */,
			);
			path = ThirdParty;
			sourceTree = "<group>";
		};
		309 /* lame */ = {
			isa = PBXGroup;
			children = (
				147 /* libmp3lame.a */,
				148 /* lame.h */,
				149 /* module.modulemap */,
			);
			path = lame;
			sourceTree = "<group>";
		};
		310 /* SimpleRecorderTests */ = {
			isa = PBXGroup;
			children = (
				150 /* TimerTaskTests.swift */,
				153 /* RecordingCorePolicyTests.swift */,
			);
			path = SimpleRecorderTests;
			sourceTree = "<group>";
		};
	/* End PBXGroup section */

/* Begin PBXNativeTarget section */
		400 /* SimpleRecorder */ = {
			isa = PBXNativeTarget;
			buildConfigurationList = 500 /* Build configuration list for PBXNativeTarget "SimpleRecorder" */;
			buildPhases = (
				401 /* Sources */,
				200 /* Frameworks */,
				402 /* Resources */,
			);
			buildRules = (
			);
			dependencies = (
			);
			name = SimpleRecorder;
			packageProductDependencies = (
				060 /* PermissionFlow */,
				061 /* Sparkle */,
			);
			productName = SimpleRecorder;
			productReference = 100 /* SimpleRecorder.app */;
			productType = "com.apple.product-type.application";
		};
		450 /* SimpleRecorderTests */ = {
			isa = PBXNativeTarget;
			buildConfigurationList = 501 /* Build configuration list for PBXNativeTarget "SimpleRecorderTests" */;
			buildPhases = (
				404 /* Sources */,
				201 /* Frameworks */,
				403 /* Resources */,
			);
			buildRules = (
			);
			dependencies = (
			);
			name = SimpleRecorderTests;
			productName = SimpleRecorderTests;
			productReference = 151 /* SimpleRecorderTests.xctest */;
			productType = "com.apple.product-type.bundle.unit-test";
		};
/* End PBXNativeTarget section */

/* Begin PBXProject section */
		600 /* Project object */ = {
			isa = PBXProject;
			attributes = {
				BuildIndependentTargetsInParallel = 1;
				LastSwiftUpdateCheck = 1500;
				LastUpgradeCheck = 1500;
				TargetAttributes = {
					400 = {
						CreatedOnToolsVersion = 15.0;
					};
					450 = {
						CreatedOnToolsVersion = 15.0;
					};
				};
			};
			buildConfigurationList = 601 /* Build configuration list for PBXProject "SimpleRecorder" */;
			compatibilityVersion = "Xcode 14.0";
			developmentRegion = "zh-Hans";
			hasScannedForEncodings = 0;
			knownRegions = (
				en,
				Base,
				"zh-Hans",
			);
			mainGroup = 300;
			packageReferences = (
				800 /* XCRemoteSwiftPackageReference "PermissionFlow" */,
				801 /* XCRemoteSwiftPackageReference "Sparkle" */,
			);
			productRefGroup = 302 /* Products */;
			projectDirPath = "";
			projectRoot = "";
			targets = (
				400 /* SimpleRecorder */,
				450 /* SimpleRecorderTests */,
			);
		};
/* End PBXProject section */

/* Begin PBXResourcesBuildPhase section */
		402 /* Resources */ = {
			isa = PBXResourcesBuildPhase;
			buildActionMask = 2147483647;
			files = (
				011 /* Assets.xcassets in Resources */,
				018 /* PrivacyInfo.xcprivacy in Resources */,
			);
			runOnlyForDeploymentPostprocessing = 0;
		};
		403 /* Resources */ = {
			isa = PBXResourcesBuildPhase;
			buildActionMask = 2147483647;
			files = (
			);
			runOnlyForDeploymentPostprocessing = 0;
		};
/* End PBXResourcesBuildPhase section */

/* Begin PBXSourcesBuildPhase section */
		401 /* Sources */ = {
			isa = PBXSourcesBuildPhase;
			buildActionMask = 2147483647;
			files = (
				001 /* SimpleRecorderApp.swift in Sources */,
				002 /* AudioRecorderManagerCore.swift in Sources */,
				034 /* RecordingFinalizationPolicy.swift in Sources */,
				020 /* AudioRecorderManagerEngine.swift in Sources */,
				021 /* AudioRecorderManagerSystemAudio.swift in Sources */,
				022 /* AudioRecorderManagerWriter.swift in Sources */,
				023 /* AudioRecorderManagerDevice.swift in Sources */,
				024 /* AudioRecorderManagerUI.swift in Sources */,
				003 /* HotKeyManager.swift in Sources */,
				004 /* LogManager.swift in Sources */,
				005 /* AppSettingsCore.swift in Sources */,
				017 /* NativeMP3Encoder.swift in Sources */,
				012 /* MainWindowSettingsView.swift in Sources */,
				013 /* TimerTask.swift in Sources */,
				014 /* TimerTaskManagerCore.swift in Sources */,
				015 /* ReminderWindowController.swift in Sources */,
				016 /* TimerTaskViews.swift in Sources */,
				025 /* QAAutomationRunner.swift in Sources */,
				026 /* MP3Encoder.swift in Sources */,
				028 /* UpdateManager.swift in Sources */,
			);
			runOnlyForDeploymentPostprocessing = 0;
		};
		404 /* Sources */ = {
			isa = PBXSourcesBuildPhase;
			buildActionMask = 2147483647;
			files = (
				031 /* TimerTask.swift in Sources */,
				035 /* RecordingFinalizationPolicy.swift in Sources */,
				032 /* TimerTaskTests.swift in Sources */,
				036 /* RecordingCorePolicyTests.swift in Sources */,
			);
			runOnlyForDeploymentPostprocessing = 0;
		};
/* End PBXSourcesBuildPhase section */

/* Begin XCBuildConfiguration section */
		700 /* Debug */ = {
			isa = XCBuildConfiguration;
			buildSettings = {
				ALWAYS_SEARCH_USER_PATHS = NO;
				ASSETCATALOG_COMPILER_GENERATE_SWIFT_ASSET_SYMBOL_EXTENSIONS = YES;
				CLANG_ANALYZER_NONNULL = YES;
				CLANG_ANALYZER_NUMBER_OBJECT_CONVERSION = YES_AGGRESSIVE;
				CLANG_CXX_LANGUAGE_STANDARD = "gnu++20";
				CLANG_ENABLE_MODULES = YES;
				CLANG_ENABLE_OBJC_ARC = YES;
				CLANG_ENABLE_OBJC_WEAK = YES;
				CLANG_WARN_BLOCK_CAPTURE_AUTORELEASING = YES;
				CLANG_WARN_BOOL_CONVERSION = YES;
				CLANG_WARN_COMMA = YES;
				CLANG_WARN_CONSTANT_CONVERSION = YES;
				CLANG_WARN_DEPRECATED_OBJC_IMPLEMENTATIONS = YES;
				CLANG_WARN_DIRECT_OBJC_ISA_USAGE = YES_ERROR;
				CLANG_WARN_DOCUMENTATION_COMMENTS = YES;
				CLANG_WARN_EMPTY_BODY = YES;
				CLANG_WARN_ENUM_CONVERSION = YES;
				CLANG_WARN_INFINITE_RECURSION = YES;
				CLANG_WARN_INT_CONVERSION = YES;
				CLANG_WARN_NON_LITERAL_NULL_CONVERSION = YES;
				CLANG_WARN_OBJC_IMPLICIT_RETAIN_SELF = YES;
				CLANG_WARN_OBJC_LITERAL_CONVERSION = YES;
				CLANG_WARN_OBJC_ROOT_CLASS = YES_ERROR;
				CLANG_WARN_QUOTED_INCLUDE_IN_FRAMEWORK_HEADER = YES;
				CLANG_WARN_RANGE_LOOP_ANALYSIS = YES;
				CLANG_WARN_STRICT_PROTOTYPES = YES;
				CLANG_WARN_SUSPICIOUS_MOVE = YES;
				CLANG_WARN_UNGUARDED_AVAILABILITY = YES_AGGRESSIVE;
				CLANG_WARN_UNREACHABLE_CODE = YES;
				CLANG_WARN__DUPLICATE_METHOD_MATCH = YES;
				COPY_PHASE_STRIP = NO;
				DEBUG_INFORMATION_FORMAT = dwarf;
				ENABLE_STRICT_OBJC_MSGSEND = YES;
				ENABLE_TESTABILITY = YES;
				ENABLE_USER_SCRIPT_SANDBOXING = YES;
				GCC_C_LANGUAGE_STANDARD = gnu17;
				GCC_DYNAMIC_NO_PIC = NO;
				GCC_NO_COMMON_BLOCKS = YES;
				GCC_OPTIMIZATION_LEVEL = 0;
				GCC_PREPROCESSOR_DEFINITIONS = (
					"DEBUG=1",
					"$(inherited)",
				);
				GCC_WARN_64_TO_32_BIT_CONVERSION = YES;
				GCC_WARN_ABOUT_RETURN_TYPE = YES_ERROR;
				GCC_WARN_UNDECLARED_SELECTOR = YES;
				GCC_WARN_UNINITIALIZED_AUTOS = YES_AGGRESSIVE;
				GCC_WARN_UNUSED_FUNCTION = YES;
				GCC_WARN_UNUSED_VARIABLE = YES;
				MACOSX_DEPLOYMENT_TARGET = 13.0;
				MTL_ENABLE_DEBUG_INFO = INCLUDE_SOURCE;
				MTL_FAST_MATH = YES;
				ONLY_ACTIVE_ARCH = YES;
				SDKROOT = macosx;
				SWIFT_ACTIVE_COMPILATION_CONDITIONS = "DEBUG $(inherited)";
				SWIFT_OPTIMIZATION_LEVEL = "-Onone";
			};
			name = Debug;
		};
		701 /* Release */ = {
			isa = XCBuildConfiguration;
			buildSettings = {
				ALWAYS_SEARCH_USER_PATHS = NO;
				ASSETCATALOG_COMPILER_GENERATE_SWIFT_ASSET_SYMBOL_EXTENSIONS = YES;
				CLANG_ANALYZER_NONNULL = YES;
				CLANG_ANALYZER_NUMBER_OBJECT_CONVERSION = YES_AGGRESSIVE;
				CLANG_CXX_LANGUAGE_STANDARD = "gnu++20";
				CLANG_ENABLE_MODULES = YES;
				CLANG_ENABLE_OBJC_ARC = YES;
				CLANG_ENABLE_OBJC_WEAK = YES;
				CLANG_WARN_BLOCK_CAPTURE_AUTORELEASING = YES;
				CLANG_WARN_BOOL_CONVERSION = YES;
				CLANG_WARN_COMMA = YES;
				CLANG_WARN_CONSTANT_CONVERSION = YES;
				CLANG_WARN_DEPRECATED_OBJC_IMPLEMENTATIONS = YES;
				CLANG_WARN_DIRECT_OBJC_ISA_USAGE = YES_ERROR;
				CLANG_WARN_DOCUMENTATION_COMMENTS = YES;
				CLANG_WARN_EMPTY_BODY = YES;
				CLANG_WARN_ENUM_CONVERSION = YES;
				CLANG_WARN_INFINITE_RECURSION = YES;
				CLANG_WARN_INT_CONVERSION = YES;
				CLANG_WARN_NON_LITERAL_NULL_CONVERSION = YES;
				CLANG_WARN_OBJC_IMPLICIT_RETAIN_SELF = YES;
				CLANG_WARN_OBJC_LITERAL_CONVERSION = YES;
				CLANG_WARN_OBJC_ROOT_CLASS = YES_ERROR;
				CLANG_WARN_QUOTED_INCLUDE_IN_FRAMEWORK_HEADER = YES;
				CLANG_WARN_RANGE_LOOP_ANALYSIS = YES;
				CLANG_WARN_STRICT_PROTOTYPES = YES;
				CLANG_WARN_SUSPICIOUS_MOVE = YES;
				CLANG_WARN_UNGUARDED_AVAILABILITY = YES_AGGRESSIVE;
				CLANG_WARN_UNREACHABLE_CODE = YES;
				CLANG_WARN__DUPLICATE_METHOD_MATCH = YES;
				COPY_PHASE_STRIP = NO;
				DEBUG_INFORMATION_FORMAT = "dwarf-with-dsym";
				ENABLE_NS_ASSERTIONS = NO;
				ENABLE_STRICT_OBJC_MSGSEND = YES;
				ENABLE_USER_SCRIPT_SANDBOXING = YES;
				GCC_C_LANGUAGE_STANDARD = gnu17;
				GCC_NO_COMMON_BLOCKS = YES;
				GCC_WARN_64_TO_32_BIT_CONVERSION = YES;
				GCC_WARN_ABOUT_RETURN_TYPE = YES_ERROR;
				GCC_WARN_UNDECLARED_SELECTOR = YES;
				GCC_WARN_UNINITIALIZED_AUTOS = YES_AGGRESSIVE;
				GCC_WARN_UNUSED_FUNCTION = YES;
				GCC_WARN_UNUSED_VARIABLE = YES;
				MACOSX_DEPLOYMENT_TARGET = 13.0;
				MTL_ENABLE_DEBUG_INFO = NO;
				MTL_FAST_MATH = YES;
				SDKROOT = macosx;
				SWIFT_COMPILATION_MODE = wholemodule;
			};
			name = Release;
		};
		702 /* Debug */ = {
			isa = XCBuildConfiguration;
			buildSettings = {
				ASSETCATALOG_COMPILER_APPICON_NAME = AppIcon;
				ASSETCATALOG_COMPILER_GLOBAL_ACCENT_COLOR_NAME = AccentColor;
				CODE_SIGN_ENTITLEMENTS = SimpleRecorder/SimpleRecorder.entitlements;
				CODE_SIGN_STYLE = Automatic;
				COMBINE_HIDPI_IMAGES = YES;
				CURRENT_PROJECT_VERSION = 6;
				ENABLE_HARDENED_RUNTIME = YES;
				GENERATE_INFOPLIST_FILE = NO;
				INFOPLIST_FILE = SimpleRecorder/Info.plist;
				INFOPLIST_KEY_CFBundleDisplayName = "会议录音 Pro";
				INFOPLIST_KEY_LSApplicationCategoryType = "public.app-category.productivity";
				INFOPLIST_KEY_NSHumanReadableCopyright = "";
				INFOPLIST_KEY_NSMicrophoneUsageDescription = "会议录音 Pro需要访问麦克风来录制音频";
				HEADER_SEARCH_PATHS = "$(SRCROOT)/SimpleRecorder/ThirdParty/lame";
				LD_RUNPATH_SEARCH_PATHS = (
					"$(inherited)",
					"@executable_path/../Frameworks",
				);
				LIBRARY_SEARCH_PATHS = "$(SRCROOT)/SimpleRecorder/ThirdParty/lame";
				MARKETING_VERSION = 1.0.5;
				PRODUCT_BUNDLE_IDENTIFIER = com.meetingrecorderpro.app;
				PRODUCT_NAME = "$(TARGET_NAME)";
				SWIFT_EMIT_LOC_STRINGS = YES;
				SWIFT_INCLUDE_PATHS = "$(SRCROOT)/SimpleRecorder/ThirdParty/lame";
				SWIFT_VERSION = 5.0;
			};
			name = Debug;
		};
		703 /* Release */ = {
			isa = XCBuildConfiguration;
			buildSettings = {
				ASSETCATALOG_COMPILER_APPICON_NAME = AppIcon;
				ASSETCATALOG_COMPILER_GLOBAL_ACCENT_COLOR_NAME = AccentColor;
				CODE_SIGN_ENTITLEMENTS = SimpleRecorder/SimpleRecorder.entitlements;
				CODE_SIGN_STYLE = Automatic;
				COMBINE_HIDPI_IMAGES = YES;
				CURRENT_PROJECT_VERSION = 6;
				ENABLE_HARDENED_RUNTIME = YES;
				GENERATE_INFOPLIST_FILE = NO;
				INFOPLIST_FILE = SimpleRecorder/Info.plist;
				INFOPLIST_KEY_CFBundleDisplayName = "会议录音 Pro";
				INFOPLIST_KEY_LSApplicationCategoryType = "public.app-category.productivity";
				INFOPLIST_KEY_NSHumanReadableCopyright = "";
				INFOPLIST_KEY_NSMicrophoneUsageDescription = "会议录音 Pro需要访问麦克风来录制音频";
				HEADER_SEARCH_PATHS = "$(SRCROOT)/SimpleRecorder/ThirdParty/lame";
				LD_RUNPATH_SEARCH_PATHS = (
					"$(inherited)",
					"@executable_path/../Frameworks",
				);
				LIBRARY_SEARCH_PATHS = "$(SRCROOT)/SimpleRecorder/ThirdParty/lame";
				MARKETING_VERSION = 1.0.5;
				PRODUCT_BUNDLE_IDENTIFIER = com.meetingrecorderpro.app;
				PRODUCT_NAME = "$(TARGET_NAME)";
				SWIFT_EMIT_LOC_STRINGS = YES;
				SWIFT_INCLUDE_PATHS = "$(SRCROOT)/SimpleRecorder/ThirdParty/lame";
				SWIFT_VERSION = 5.0;
			};
			name = Release;
			};
			704 /* Debug */ = {
				isa = XCBuildConfiguration;
				buildSettings = {
					CODE_SIGN_STYLE = Automatic;
					CURRENT_PROJECT_VERSION = 6;
					GENERATE_INFOPLIST_FILE = YES;
					LD_RUNPATH_SEARCH_PATHS = (
						"$(inherited)",
						"@executable_path/../Frameworks",
						"@loader_path/../Frameworks",
					);
					MACOSX_DEPLOYMENT_TARGET = 14.0;
					MARKETING_VERSION = 1.0.5;
					PRODUCT_BUNDLE_IDENTIFIER = com.meetingrecorderpro.app.tests;
					PRODUCT_NAME = "$(TARGET_NAME)";
					SWIFT_VERSION = 5.0;
				};
				name = Debug;
			};
			705 /* Release */ = {
				isa = XCBuildConfiguration;
				buildSettings = {
					CODE_SIGN_STYLE = Automatic;
					CURRENT_PROJECT_VERSION = 6;
					GENERATE_INFOPLIST_FILE = YES;
					LD_RUNPATH_SEARCH_PATHS = (
						"$(inherited)",
						"@executable_path/../Frameworks",
						"@loader_path/../Frameworks",
					);
					MACOSX_DEPLOYMENT_TARGET = 14.0;
					MARKETING_VERSION = 1.0.5;
					PRODUCT_BUNDLE_IDENTIFIER = com.meetingrecorderpro.app.tests;
					PRODUCT_NAME = "$(TARGET_NAME)";
					SWIFT_VERSION = 5.0;
				};
				name = Release;
			};
/* End XCBuildConfiguration section */

/* Begin XCConfigurationList section */
		500 /* Build configuration list for PBXNativeTarget "SimpleRecorder" */ = {
			isa = XCConfigurationList;
			buildConfigurations = (
				702 /* Debug */,
				703 /* Release */,
			);
			defaultConfigurationIsVisible = 0;
			defaultConfigurationName = Release;
		};
		501 /* Build configuration list for PBXNativeTarget "SimpleRecorderTests" */ = {
			isa = XCConfigurationList;
			buildConfigurations = (
				704 /* Debug */,
				705 /* Release */,
			);
			defaultConfigurationIsVisible = 0;
			defaultConfigurationName = Release;
		};
		601 /* Build configuration list for PBXProject "SimpleRecorder" */ = {
			isa = XCConfigurationList;
			buildConfigurations = (
				700 /* Debug */,
				701 /* Release */,
			);
			defaultConfigurationIsVisible = 0;
			defaultConfigurationName = Release;
		};
/* End XCConfigurationList section */

/* Begin XCRemoteSwiftPackageReference section */
		800 /* XCRemoteSwiftPackageReference "PermissionFlow" */ = {
			isa = XCRemoteSwiftPackageReference;
			repositoryURL = "https://github.com/bi-boo/PermissionFlow.git";
			requirement = {
				kind = upToNextMajorVersion;
				minimumVersion = 2.1.0;
			};
		};
		801 /* XCRemoteSwiftPackageReference "Sparkle" */ = {
			isa = XCRemoteSwiftPackageReference;
			repositoryURL = "https://github.com/sparkle-project/Sparkle";
			requirement = {
				kind = upToNextMajorVersion;
				minimumVersion = 2.9.0;
			};
		};
/* End XCRemoteSwiftPackageReference section */

/* Begin XCSwiftPackageProductDependency section */
		060 /* PermissionFlow */ = {
			isa = XCSwiftPackageProductDependency;
			package = 800 /* XCRemoteSwiftPackageReference "PermissionFlow" */;
			productName = PermissionFlow;
		};
		061 /* Sparkle */ = {
			isa = XCSwiftPackageProductDependency;
			package = 801 /* XCRemoteSwiftPackageReference "Sparkle" */;
			productName = Sparkle;
		};
/* End XCSwiftPackageProductDependency section */
	};
	rootObject = 600 /* Project object */;
}
