{
  "originHash" : "8dbacae4a63e5b9a093ae0cc486098ef27e5551a425e2147e2ce4050579c866b",
  "pins" : [
    {
      "identity" : "permissionflow",
      "kind" : "remoteSourceControl",
      "location" : "https://github.com/jaywcjlove/PermissionFlow.git",
      "state" : {
        "revision" : "6d6f13176f8942535d6c1acd75d7a3446bbf0acd",
        "version" : "2.1.0"
      }
    }
  ],
  "version" : 3
}
